
Microsoft Visual Studio Solution File, Format Version 12.00
# Visual Studio Version 17
VisualStudioVersion = 17.9.34728.123
MinimumVisualStudioVersion = 10.0.40219.1
Project("{9A19103F-16F7-4668-BE54-9A1E7A4F7556}") = "Task1", "Task1\Task1.csproj", "{DEBB33AA-BECB-44E7-8BD7-460483F99A74}"
EndProject
Project("{FAE04EC0-301F-11D3-BF4B-00C04F79EFBC}") = "Task1.Data", "Task1.Data\Task1.Data.csproj", "{9AA710C2-A489-495D-81CD-A1A2609F4C00}"
EndProject
Project("{FAE04EC0-301F-11D3-BF4B-00C04F79EFBC}") = "Task1.Service", "Task1.Service\Task1.Service.csproj", "{4FE5EBDB-1381-499B-84DE-1F70227E72AA}"
EndProject
Global
	GlobalSection(SolutionConfigurationPlatforms) = preSolution
		Debug|Any CPU = Debug|Any CPU
		Release|Any CPU = Release|Any CPU
	EndGlobalSection
	GlobalSection(ProjectConfigurationPlatforms) = postSolution
		{DEBB33AA-BECB-44E7-8BD7-460483F99A74}.Debug|Any CPU.ActiveCfg = Debug|Any CPU
		{DEBB33AA-BECB-44E7-8BD7-460483F99A74}.Debug|Any CPU.Build.0 = Debug|Any CPU
		{DEBB33AA-BECB-44E7-8BD7-460483F99A74}.Release|Any CPU.ActiveCfg = Release|Any CPU
		{DEBB33AA-BECB-44E7-8BD7-460483F99A74}.Release|Any CPU.Build.0 = Release|Any CPU
		{9AA710C2-A489-495D-81CD-A1A2609F4C00}.Debug|Any CPU.ActiveCfg = Debug|Any CPU
		{9AA710C2-A489-495D-81CD-A1A2609F4C00}.Debug|Any CPU.Build.0 = Debug|Any CPU
		{9AA710C2-A489-495D-81CD-A1A2609F4C00}.Release|Any CPU.ActiveCfg = Release|Any CPU
		{9AA710C2-A489-495D-81CD-A1A2609F4C00}.Release|Any CPU.Build.0 = Release|Any CPU
		{4FE5EBDB-1381-499B-84DE-1F70227E72AA}.Debug|Any CPU.ActiveCfg = Debug|Any CPU
		{4FE5EBDB-1381-499B-84DE-1F70227E72AA}.Debug|Any CPU.Build.0 = Debug|Any CPU
		{4FE5EBDB-1381-499B-84DE-1F70227E72AA}.Release|Any CPU.ActiveCfg = Release|Any CPU
		{4FE5EBDB-1381-499B-84DE-1F70227E72AA}.Release|Any CPU.Build.0 = Release|Any CPU
	EndGlobalSection
	GlobalSection(SolutionProperties) = preSolution
		HideSolutionNode = FALSE
	EndGlobalSection
	GlobalSection(ExtensibilityGlobals) = postSolution
		SolutionGuid = {35583B36-0B4C-4FF9-9343-F28A9AB847EB}
	EndGlobalSection
EndGlobal
